
Microsoft Visual Studio Solution File, Format Version 12.00
# Visual Studio Version 17
VisualStudioVersion = 17.6.33815.320
MinimumVisualStudioVersion = 10.0.40219.1
Project("{FAE04EC0-301F-11D3-BF4B-00C04F79EFBC}") = "BasicPrograming", "BasicPrograming\BasicPrograming.csproj", "{8CDA2740-A4D8-4F1E-89A4-82D8D7187E89}"
EndProject
Global
	GlobalSection(SolutionConfigurationPlatforms) = preSolution
		Debug|Any CPU = Debug|Any CPU
		Release|Any CPU = Release|Any CPU
	EndGlobalSection
	GlobalSection(ProjectConfigurationPlatforms) = postSolution
		{8CDA2740-A4D8-4F1E-89A4-82D8D7187E89}.Debug|Any CPU.ActiveCfg = Debug|Any CPU
		{8CDA2740-A4D8-4F1E-89A4-82D8D7187E89}.Debug|Any CPU.Build.0 = Debug|Any CPU
		{8CDA2740-A4D8-4F1E-89A4-82D8D7187E89}.Release|Any CPU.ActiveCfg = Release|Any CPU
		{8CDA2740-A4D8-4F1E-89A4-82D8D7187E89}.Release|Any CPU.Build.0 = Release|Any CPU
	EndGlobalSection
	GlobalSection(SolutionProperties) = preSolution
		HideSolutionNode = FALSE
	EndGlobalSection
	GlobalSection(ExtensibilityGlobals) = postSolution
		SolutionGuid = {582E89DE-7AC8-4CAE-B317-62673AA75847}
	EndGlobalSection
EndGlobal
